# @generated - this file is auto-generated by `mise lock` https://mise.en.dev/dev-tools/mise-lock.html

[[tools.aube]]
version = "1.16.0"
backend = "github:endevco/aube"

[tools.aube."platforms.linux-arm64"]
checksum = "sha256:ae5010a03904f42736b61d34e13b39b7554125830dce0e6dc70d9931e7d3ae2f"
url = "https://github.com/jdx/aube/releases/download/v1.16.0/aube-v1.16.0-aarch64-unknown-linux-gnu.tar.gz"
url_api = "https://api.github.com/repos/jdx/aube/releases/assets/429778563"

[tools.aube."platforms.linux-arm64-musl"]
checksum = "sha256:bd0b022ad9d2f2480fd8d761dbad9f68e2921cdabb271a331e3c45b1f6b46e4f"
url = "https://github.com/jdx/aube/releases/download/v1.16.0/aube-v1.16.0-aarch64-unknown-linux-musl.tar.gz"
url_api = "https://api.github.com/repos/jdx/aube/releases/assets/429763787"

[tools.aube."platforms.linux-x64"]
checksum = "sha256:b1ce6830fc297dec707d33f928746ae235e79b0985e49a81f1cee6185822d6f5"
url = "https://github.com/jdx/aube/releases/download/v1.16.0/aube-v1.16.0-x86_64-unknown-linux-gnu.tar.gz"
url_api = "https://api.github.com/repos/jdx/aube/releases/assets/429767737"

[tools.aube."platforms.linux-x64-musl"]
checksum = "sha256:4d191418785fdb3c0f1f3d726631fcf2121605e294a07352762e3b46d8028c79"
url = "https://github.com/jdx/aube/releases/download/v1.16.0/aube-v1.16.0-x86_64-unknown-linux-musl.tar.gz"
url_api = "https://api.github.com/repos/jdx/aube/releases/assets/429767359"

[tools.aube."platforms.macos-arm64"]
checksum = "sha256:0260c9496702c70a9c78d47c6d46dd74e1b7d1b09d1fe403035e9c3b9f0a4c7e"
url = "https://github.com/jdx/aube/releases/download/v1.16.0/aube-v1.16.0-aarch64-apple-darwin.tar.gz"
url_api = "https://api.github.com/repos/jdx/aube/releases/assets/429786963"

[tools.aube."platforms.windows-x64"]
checksum = "sha256:1381a03cfc99a477a485eb69d269916773a3239080396b14c93a75dc3e5ad14c"
url = "https://github.com/jdx/aube/releases/download/v1.16.0/aube-v1.16.0-x86_64-pc-windows-msvc.zip"
url_api = "https://api.github.com/repos/jdx/aube/releases/assets/429771617"

[[tools.bat]]
version = "0.26.1"
backend = "aqua:sharkdp/bat"

[[tools.bottom]]
version = "0.12.3"
backend = "aqua:ClementTsang/bottom"

[tools.bottom."platforms.linux-arm64"]
provenance = "github-attestations"

[tools.bottom."platforms.linux-arm64-musl"]
provenance = "github-attestations"

[tools.bottom."platforms.linux-x64"]
provenance = "github-attestations"

[tools.bottom."platforms.linux-x64-musl"]
provenance = "github-attestations"

[tools.bottom."platforms.macos-arm64"]
provenance = "github-attestations"

[tools.bottom."platforms.macos-x64"]
provenance = "github-attestations"

[tools.bottom."platforms.windows-x64"]
provenance = "github-attestations"

[[tools.codex]]
version = "0.142.3"
backend = "aqua:openai/codex"

[tools.codex."platforms.linux-arm64"]
checksum = "sha256:c77679356eda40e166d554af443a288185850c64a1db488810e374cc571acf90"
url = "https://github.com/openai/codex/releases/download/rust-v0.142.3/codex-aarch64-unknown-linux-musl.zst"

[tools.codex."platforms.linux-arm64-musl"]
checksum = "sha256:c77679356eda40e166d554af443a288185850c64a1db488810e374cc571acf90"
url = "https://github.com/openai/codex/releases/download/rust-v0.142.3/codex-aarch64-unknown-linux-musl.zst"

[tools.codex."platforms.linux-x64"]
checksum = "sha256:2a3c6d8a3509844296263df338a7ca494559e64bca7bd24c967a0a0ec1eb7319"
url = "https://github.com/openai/codex/releases/download/rust-v0.142.3/codex-x86_64-unknown-linux-musl.zst"

[tools.codex."platforms.linux-x64-musl"]
checksum = "sha256:2a3c6d8a3509844296263df338a7ca494559e64bca7bd24c967a0a0ec1eb7319"
url = "https://github.com/openai/codex/releases/download/rust-v0.142.3/codex-x86_64-unknown-linux-musl.zst"

[tools.codex."platforms.macos-arm64"]
checksum = "sha256:46ecced3f25f03cf9fc51fb0e35c596c1ecf266a1b5b38cecd4ba58370034ad9"
url = "https://github.com/openai/codex/releases/download/rust-v0.142.3/codex-aarch64-apple-darwin.zst"

[tools.codex."platforms.macos-x64"]
checksum = "sha256:e4a65bd472a1684d51f415177d0f1b2069c09eb6f5307e44c1b1165055339ca4"
url = "https://github.com/openai/codex/releases/download/rust-v0.142.3/codex-x86_64-apple-darwin.zst"

[tools.codex."platforms.windows-x64"]
checksum = "sha256:9af24af46c923f658f5f58084688ccb1cc0da9505d31f41b9b2e1a8c9acc8f12"
url = "https://github.com/openai/codex/releases/download/rust-v0.142.3/codex-x86_64-pc-windows-msvc.exe.zst"

[[tools.elixir]]
version = "1.20.2-otp-29"
backend = "core:elixir"

[[tools.erlang]]
version = "29.0.2"
backend = "core:erlang"

[[tools.flyctl]]
version = "0.4.61"
backend = "aqua:superfly/flyctl"

[tools.flyctl."platforms.linux-arm64"]
checksum = "sha256:4cd8f32fe2563d2660b5272e86b7afa5e41c2be13f48b0894109883748f0e417"
url = "https://github.com/superfly/flyctl/releases/download/v0.4.61/flyctl_0.4.61_Linux_arm64.tar.gz"

[tools.flyctl."platforms.linux-arm64-musl"]
checksum = "sha256:4cd8f32fe2563d2660b5272e86b7afa5e41c2be13f48b0894109883748f0e417"
url = "https://github.com/superfly/flyctl/releases/download/v0.4.61/flyctl_0.4.61_Linux_arm64.tar.gz"

[tools.flyctl."platforms.linux-x64"]
checksum = "sha256:160763f890703dd0cb06588f14d739604778af4a2657e9af6d6d32786487cc60"
url = "https://github.com/superfly/flyctl/releases/download/v0.4.61/flyctl_0.4.61_Linux_x86_64.tar.gz"

[tools.flyctl."platforms.linux-x64-musl"]
checksum = "sha256:160763f890703dd0cb06588f14d739604778af4a2657e9af6d6d32786487cc60"
url = "https://github.com/superfly/flyctl/releases/download/v0.4.61/flyctl_0.4.61_Linux_x86_64.tar.gz"

[tools.flyctl."platforms.macos-arm64"]
checksum = "sha256:516cd73e09d2845947490a8319954d7829213e913d3925c5c409865a1fd59d9f"
url = "https://github.com/superfly/flyctl/releases/download/v0.4.61/flyctl_0.4.61_macOS_arm64.tar.gz"

[tools.flyctl."platforms.macos-x64"]
checksum = "sha256:c8c64da3e521aeee14ee8ea074160a8995ec055c801282f7e8dfd1964c9fed0e"
url = "https://github.com/superfly/flyctl/releases/download/v0.4.61/flyctl_0.4.61_macOS_x86_64.tar.gz"

[tools.flyctl."platforms.windows-x64"]
checksum = "sha256:2e1b4d4942b6016384806119e694cc731da8df45c43ba2c64cd536a840842576"
url = "https://github.com/superfly/flyctl/releases/download/v0.4.61/flyctl_0.4.61_Windows_x86_64.zip"

[[tools."forgejo:forgejo-contrib/forgejo-cli"]]
version = "0.5.0"
backend = "forgejo:forgejo-contrib/forgejo-cli"

[tools."forgejo:forgejo-contrib/forgejo-cli"."platforms.linux-arm64"]
url = "https://codeberg.org/forgejo-contrib/forgejo-cli/releases/download/v0.5.0/forgejo-cli-aarch64-linux.tar.gz"
url_api = "https://codeberg.org/attachments/1cdc5641-e2b9-4480-9b69-95c0643fffda"

[tools."forgejo:forgejo-contrib/forgejo-cli"."platforms.linux-arm64-musl"]
url = "https://codeberg.org/forgejo-contrib/forgejo-cli/releases/download/v0.5.0/forgejo-cli-aarch64-linux.tar.gz"
url_api = "https://codeberg.org/attachments/1cdc5641-e2b9-4480-9b69-95c0643fffda"

[tools."forgejo:forgejo-contrib/forgejo-cli"."platforms.linux-x64"]
url = "https://codeberg.org/forgejo-contrib/forgejo-cli/releases/download/v0.5.0/forgejo-cli-x86_64-linux.tar.gz"
url_api = "https://codeberg.org/attachments/52f7cd01-2970-43ba-b8db-5882e749a488"

[tools."forgejo:forgejo-contrib/forgejo-cli"."platforms.linux-x64-musl"]
url = "https://codeberg.org/forgejo-contrib/forgejo-cli/releases/download/v0.5.0/forgejo-cli-x86_64-linux.tar.gz"
url_api = "https://codeberg.org/attachments/52f7cd01-2970-43ba-b8db-5882e749a488"

[tools."forgejo:forgejo-contrib/forgejo-cli"."platforms.windows-x64"]
url = "https://codeberg.org/forgejo-contrib/forgejo-cli/releases/download/v0.5.0/forgejo-cli-x86_64-windows.zip"
url_api = "https://codeberg.org/attachments/3e230bf9-c8d2-4bb4-bd5a-92e9262d3be5"

[[tools.fzf]]
version = "0.73.1"
backend = "aqua:junegunn/fzf"

[[tools.github-cli]]
version = "2.86.0"
backend = "aqua:cli/cli"

[tools.github-cli."platforms.linux-arm64"]
provenance = "github-attestations"

[tools.github-cli."platforms.linux-arm64-musl"]
provenance = "github-attestations"

[tools.github-cli."platforms.linux-x64"]
provenance = "github-attestations"

[tools.github-cli."platforms.linux-x64-musl"]
provenance = "github-attestations"

[tools.github-cli."platforms.macos-arm64"]
provenance = "github-attestations"

[tools.github-cli."platforms.macos-x64"]
provenance = "github-attestations"

[tools.github-cli."platforms.windows-x64"]
provenance = "github-attestations"

[[tools."github:elixir-lang/expert"]]
version = "0.1.4"
backend = "github:elixir-lang/expert"

[[tools."github:joelpaulkoch/mdy"]]
version = "0.1.2"
backend = "github:joelpaulkoch/mdy"

[[tools.go]]
version = "1.26.4"
backend = "core:go"

[tools.go."platforms.linux-arm64"]
checksum = "sha256:ef758ae7c6cf9267c9c0ef080b8965f453d89ab2d25d9eb22de4405925238768"
url = "https://dl.google.com/go/go1.26.4.linux-arm64.tar.gz"

[tools.go."platforms.linux-arm64-musl"]
checksum = "sha256:ef758ae7c6cf9267c9c0ef080b8965f453d89ab2d25d9eb22de4405925238768"
url = "https://dl.google.com/go/go1.26.4.linux-arm64.tar.gz"

[tools.go."platforms.linux-x64"]
checksum = "sha256:1153d3d50e0ac764b447adfe05c2bcf08e889d42a02e0fe0259bd47f6733ad7f"
url = "https://dl.google.com/go/go1.26.4.linux-amd64.tar.gz"

[tools.go."platforms.linux-x64-musl"]
checksum = "sha256:1153d3d50e0ac764b447adfe05c2bcf08e889d42a02e0fe0259bd47f6733ad7f"
url = "https://dl.google.com/go/go1.26.4.linux-amd64.tar.gz"

[tools.go."platforms.macos-arm64"]
checksum = "sha256:b62ad2b6d7d2464f12a5bcad7ff47f19d08325773b5efd21610e445a05a9bf53"
url = "https://dl.google.com/go/go1.26.4.darwin-arm64.tar.gz"

[tools.go."platforms.macos-x64"]
checksum = "sha256:05dc9b5f9997744520aaebb3d5deaa7c755371aebbfb7f97c2511a9f3367538d"
url = "https://dl.google.com/go/go1.26.4.darwin-amd64.tar.gz"

[tools.go."platforms.windows-x64"]
checksum = "sha256:3ca8fb4630b07c419cbdd51f754e31363cfcfb83b3a5354d9e895c90be2cc345"
url = "https://dl.google.com/go/go1.26.4.windows-amd64.zip"

[[tools.jj]]
version = "0.42.0"
backend = "aqua:jj-vcs/jj"

[tools.jj."platforms.linux-arm64"]
checksum = "sha256:bc962ac57ec264541a62ed8492f080898380a277222b115e1ed96163196e6fc8"
url = "https://github.com/jj-vcs/jj/releases/download/v0.42.0/jj-v0.42.0-aarch64-unknown-linux-musl.tar.gz"

[tools.jj."platforms.linux-arm64-musl"]
checksum = "sha256:bc962ac57ec264541a62ed8492f080898380a277222b115e1ed96163196e6fc8"
url = "https://github.com/jj-vcs/jj/releases/download/v0.42.0/jj-v0.42.0-aarch64-unknown-linux-musl.tar.gz"

[tools.jj."platforms.linux-x64"]
checksum = "sha256:2d91e81d649e617a81608e7401ad1106029c15ece01ac928c4a351abef42be6a"
url = "https://github.com/jj-vcs/jj/releases/download/v0.42.0/jj-v0.42.0-x86_64-unknown-linux-musl.tar.gz"

[tools.jj."platforms.linux-x64-musl"]
checksum = "sha256:2d91e81d649e617a81608e7401ad1106029c15ece01ac928c4a351abef42be6a"
url = "https://github.com/jj-vcs/jj/releases/download/v0.42.0/jj-v0.42.0-x86_64-unknown-linux-musl.tar.gz"

[tools.jj."platforms.macos-arm64"]
checksum = "sha256:98764966f22b599dc0b19bb9bd00d21df86156aeca5827f8274900356768db08"
url = "https://github.com/jj-vcs/jj/releases/download/v0.42.0/jj-v0.42.0-aarch64-apple-darwin.tar.gz"

[tools.jj."platforms.macos-x64"]
checksum = "sha256:ec04669e9b8decb4b0d63dc050a4275d2b5422efea502a0c208ebd4e53e7d053"
url = "https://github.com/jj-vcs/jj/releases/download/v0.42.0/jj-v0.42.0-x86_64-apple-darwin.tar.gz"

[tools.jj."platforms.windows-x64"]
checksum = "sha256:866461102d87fb49fc67e6e76682635683963eb9fdd05264edda5f1c894d85a6"
url = "https://github.com/jj-vcs/jj/releases/download/v0.42.0/jj-v0.42.0-x86_64-pc-windows-msvc.zip"

[[tools.lazygit]]
version = "0.61.1"
backend = "aqua:jesseduffield/lazygit"

[[tools.node]]
version = "26.4.0"
backend = "core:node"

[tools.node."platforms.linux-arm64"]
checksum = "sha256:773d9ec67266838270ddc105c2548ae8aaff28bc8fe6f34c55d1094043c4165e"
url = "https://nodejs.org/dist/v26.4.0/node-v26.4.0-linux-arm64.tar.gz"

[tools.node."platforms.linux-arm64-musl"]
checksum = "sha256:d2ad8c6e9fa955edf0337078c1d1acda345d36a84986b218cce3cfd1d2d26920"
url = "https://unofficial-builds.nodejs.org/download/release/v26.4.0/node-v26.4.0-linux-arm64-musl.tar.gz"

[tools.node."platforms.linux-x64"]
checksum = "sha256:f221dab30d0e9d544332f06fbee2c62186c97d864d5cac8482dba34f1e38b8dc"
url = "https://nodejs.org/dist/v26.4.0/node-v26.4.0-linux-x64.tar.gz"

[tools.node."platforms.linux-x64-musl"]
checksum = "sha256:554e960f6570bd3d1987f5170d8f2a373a21818581a8d307b697e7839988314a"
url = "https://unofficial-builds.nodejs.org/download/release/v26.4.0/node-v26.4.0-linux-x64-musl.tar.gz"

[tools.node."platforms.macos-arm64"]
checksum = "sha256:4f4fbcacf6b1ff1a95deedba7bd7b2d79efecaa53a8ecb0530546dc9063fefbc"
url = "https://nodejs.org/dist/v26.4.0/node-v26.4.0-darwin-arm64.tar.gz"

[tools.node."platforms.macos-x64"]
checksum = "sha256:eb3bdd8dec3ff2558ee10e284da7d2a3865af0cbda21f06d397b0265837c641e"
url = "https://nodejs.org/dist/v26.4.0/node-v26.4.0-darwin-x64.tar.gz"

[tools.node."platforms.windows-x64"]
checksum = "sha256:5f87d038c6ec442aa46b9126f8ca170acbd2f3b9b9152ca798cf54596a31e214"
url = "https://nodejs.org/dist/v26.4.0/node-v26.4.0-win-x64.zip"

[[tools.opencode]]
version = "1.1.34"
backend = "aqua:anomalyco/opencode"

[[tools.pitchfork]]
version = "2.12.1"
backend = "aqua:jdx/pitchfork"

[tools.pitchfork."platforms.linux-arm64"]
checksum = "sha256:2495e7423530fbd3ebc7370ed1d4aa1874e318624ec3c3684f89006e2fe1fd41"
url = "https://github.com/jdx/pitchfork/releases/download/v2.12.1/pitchfork-aarch64-unknown-linux-gnu.tar.gz"

[tools.pitchfork."platforms.linux-x64"]
checksum = "sha256:c9c844249a4439d5541eaca83cc8a4de180dc2166edf306165fcdd18588a50b7"
url = "https://github.com/jdx/pitchfork/releases/download/v2.12.1/pitchfork-x86_64-unknown-linux-gnu.tar.gz"

[tools.pitchfork."platforms.macos-arm64"]
checksum = "sha256:b19d93a4cfd588bc86ebdffe5cf89c724cbe51d916a6db21e6f4ee3eaeeadf6a"
url = "https://github.com/jdx/pitchfork/releases/download/v2.12.1/pitchfork-aarch64-apple-darwin.tar.gz"

[tools.pitchfork."platforms.windows-x64"]
checksum = "sha256:c20639def59a3803605ce94f7babc74a39f7343606ef03c0b24cbceb81c8b2f0"
url = "https://github.com/jdx/pitchfork/releases/download/v2.12.1/pitchfork-x86_64-pc-windows-msvc.zip"

[[tools.python]]
version = "3.14.2"
backend = "core:python"

[tools.python."platforms.linux-arm64"]
checksum = "sha256:1d243bfab134c9fd3e099780a811079d8c6158283bddde65de2bc5f6eda74f7c"
url = "https://github.com/astral-sh/python-build-standalone/releases/download/20260127/cpython-3.14.2+20260127-aarch64-unknown-linux-gnu-install_only_stripped.tar.gz"
provenance = "github-attestations"

[tools.python."platforms.linux-arm64-musl"]
checksum = "sha256:d1c14930b95e10b10b263fabadefc4ac5965553144c1667775fb097b2675b1b3"
url = "https://github.com/astral-sh/python-build-standalone/releases/download/20260127/cpython-3.14.2+20260127-aarch64-unknown-linux-musl-install_only_stripped.tar.gz"
provenance = "github-attestations"

[tools.python."platforms.linux-x64"]
checksum = "sha256:c2926d6707f4339e3bf30e90437b387712b47e60e9e55bff1dcb36bf7688b01d"
url = "https://github.com/astral-sh/python-build-standalone/releases/download/20260127/cpython-3.14.2+20260127-x86_64-unknown-linux-gnu-install_only_stripped.tar.gz"
provenance = "github-attestations"

[tools.python."platforms.linux-x64-musl"]
checksum = "sha256:24015271e47203b9b79249670a847487f997ae8e0a3deacc533ce5fc55d66ea6"
url = "https://github.com/astral-sh/python-build-standalone/releases/download/20260127/cpython-3.14.2+20260127-x86_64-unknown-linux-musl-install_only_stripped.tar.gz"
provenance = "github-attestations"

[tools.python."platforms.macos-arm64"]
checksum = "sha256:2f82ed0cf902c8a2863a3fc5864909645c761e4e0a96525850c9ef8f7e3b79e7"
url = "https://github.com/astral-sh/python-build-standalone/releases/download/20260127/cpython-3.14.2+20260127-aarch64-apple-darwin-install_only_stripped.tar.gz"
provenance = "github-attestations"

[tools.python."platforms.macos-x64"]
checksum = "sha256:51e886261fb79f64079b20181a7f8adfca738f2b2882882e981b67a165e1809b"
url = "https://github.com/astral-sh/python-build-standalone/releases/download/20260127/cpython-3.14.2+20260127-x86_64-apple-darwin-install_only_stripped.tar.gz"
provenance = "github-attestations"

[tools.python."platforms.windows-x64"]
checksum = "sha256:42638ce9bd8c177010c44c7a6a6fb3e1dc0b04ea372089036c689ccb57dc0d09"
url = "https://github.com/astral-sh/python-build-standalone/releases/download/20260127/cpython-3.14.2+20260127-x86_64-pc-windows-msvc-install_only_stripped.tar.gz"
provenance = "github-attestations"

[[tools.resvg]]
version = "0.47.0"
backend = "aqua:linebender/resvg"

[[tools.rust]]
version = "1.96.0"
backend = "core:rust"

[[tools.tokei]]
version = "12.1.2"
backend = "cargo:tokei"

[[tools.websocat]]
version = "1.14.1"
backend = "aqua:vi/websocat"

[[tools.yazi]]
version = "26.5.6"
backend = "aqua:sxyazi/yazi"

[[tools.zig]]
version = "0.16.0"
backend = "core:zig"

[tools.zig."platforms.linux-arm64"]
checksum = "sha256:ea4b09bfb22ec6f6c6ceac57ab63efb6b46e17ab08d21f69f3a48b38e1534f17"
url = "https://ziglang.org/download/0.16.0/zig-aarch64-linux-0.16.0.tar.xz"

[tools.zig."platforms.linux-arm64-musl"]
checksum = "sha256:ea4b09bfb22ec6f6c6ceac57ab63efb6b46e17ab08d21f69f3a48b38e1534f17"
url = "https://ziglang.org/download/0.16.0/zig-aarch64-linux-0.16.0.tar.xz"

[tools.zig."platforms.linux-x64"]
checksum = "sha256:70e49664a74374b48b51e6f3fdfbf437f6395d42509050588bd49abe52ba3d00"
url = "https://ziglang.org/download/0.16.0/zig-x86_64-linux-0.16.0.tar.xz"

[tools.zig."platforms.linux-x64-musl"]
checksum = "sha256:70e49664a74374b48b51e6f3fdfbf437f6395d42509050588bd49abe52ba3d00"
url = "https://ziglang.org/download/0.16.0/zig-x86_64-linux-0.16.0.tar.xz"

[tools.zig."platforms.macos-arm64"]
checksum = "sha256:b23d70deaa879b5c2d486ed3316f7eaa53e84acf6fc9cc747de152450d401489"
url = "https://ziglang.org/download/0.16.0/zig-aarch64-macos-0.16.0.tar.xz"

[tools.zig."platforms.macos-x64"]
checksum = "sha256:0387557ed1877bc6a2e1802c8391953baddba76081876301c522f52977b52ba7"
url = "https://ziglang.org/download/0.16.0/zig-x86_64-macos-0.16.0.tar.xz"

[tools.zig."platforms.windows-x64"]
checksum = "sha256:68659eb5f1e4eb1437a722f1dd889c5a322c9954607f5edcf337bc3684a75a7e"
url = "https://ziglang.org/download/0.16.0/zig-x86_64-windows-0.16.0.zip"

[[tools.zls]]
version = "0.16.0"
backend = "aqua:zigtools/zls"

[tools.zls."platforms.linux-arm64"]
url = "https://builds.zigtools.org/zls-aarch64-linux-0.16.0.tar.xz"
provenance = "minisign"

[tools.zls."platforms.linux-arm64-musl"]
url = "https://builds.zigtools.org/zls-aarch64-linux-0.16.0.tar.xz"
provenance = "minisign"

[tools.zls."platforms.linux-x64"]
url = "https://builds.zigtools.org/zls-x86_64-linux-0.16.0.tar.xz"
provenance = "minisign"

[tools.zls."platforms.linux-x64-musl"]
url = "https://builds.zigtools.org/zls-x86_64-linux-0.16.0.tar.xz"
provenance = "minisign"

[tools.zls."platforms.macos-arm64"]
url = "https://builds.zigtools.org/zls-aarch64-macos-0.16.0.tar.xz"
provenance = "minisign"

[tools.zls."platforms.macos-x64"]
url = "https://builds.zigtools.org/zls-x86_64-macos-0.16.0.tar.xz"
provenance = "minisign"

[tools.zls."platforms.windows-x64"]
url = "https://builds.zigtools.org/zls-x86_64-windows-0.16.0.zip"
provenance = "minisign"
